{
  "lockfileVersion": 1,
  "configVersion": 1,
  "workspaces": {
    "": {
      "name": "bsky-blocklist",
      "dependencies": {
        "@atproto/api": "^0.15.0",
      },
    },
  },
  "packages": {
    "@atproto/api": ["@atproto/api@0.15.27", "", { "dependencies": { "@atproto/common-web": "^0.4.2", "@atproto/lexicon": "^0.4.12", "@atproto/syntax": "^0.4.0", "@atproto/xrpc": "^0.7.1", "await-lock": "^2.2.2", "multiformats": "^9.9.0", "tlds": "^1.234.0", "zod": "^3.23.8" } }, "sha512-ok/WGafh1nz4t8pEQGtAF/32x2E2VDWU4af6BajkO5Gky2jp2q6cv6aB2A5yuvNNcc3XkYMYipsqVHVwLPMF9g=="],

    "@atproto/common-web": ["@atproto/common-web@0.4.19", "", { "dependencies": { "@atproto/lex-data": "^0.0.14", "@atproto/lex-json": "^0.0.14", "@atproto/syntax": "^0.5.1", "zod": "^3.23.8" } }, "sha512-3BTi58p5WpT+9/zb6UZrdsXcfPo5P45UJm0E4iwHLILr+jc37CuBj9JReDSZ4U0i9RTrI3ZkfySyZ9bd+LnMsw=="],

    "@atproto/lex-data": ["@atproto/lex-data@0.0.14", "", { "dependencies": { "multiformats": "^9.9.0", "tslib": "^2.8.1", "uint8arrays": "3.0.0", "unicode-segmenter": "^0.14.0" } }, "sha512-53DUa9664SS76nGAMYopWsO10OH0AAdf7P/HSKB6Wzx3iqe6lk/K61QZnKxOG1LreYl5CfvIJU6eNf4txI6GlQ=="],

    "@atproto/lex-json": ["@atproto/lex-json@0.0.14", "", { "dependencies": { "@atproto/lex-data": "^0.0.14", "tslib": "^2.8.1" } }, "sha512-6lPkDKqe7teEu4WrN5q7400cvZKgYS3uwUMvzG3F9XkgVYhOwSDCtouV/nSLBbpvo3l9OP0kiigtclcNcyekww=="],

    "@atproto/lexicon": ["@atproto/lexicon@0.4.14", "", { "dependencies": { "@atproto/common-web": "^0.4.2", "@atproto/syntax": "^0.4.0", "iso-datestring-validator": "^2.2.2", "multiformats": "^9.9.0", "zod": "^3.23.8" } }, "sha512-jiKpmH1QER3Gvc7JVY5brwrfo+etFoe57tKPQX/SmPwjvUsFnJAow5xLIryuBaJgFAhnTZViXKs41t//pahGHQ=="],

    "@atproto/syntax": ["@atproto/syntax@0.4.3", "", { "dependencies": { "tslib": "^2.8.1" } }, "sha512-YoZUz40YAJr5nPwvCDWgodEOlt5IftZqPJvA0JDWjuZKD8yXddTwSzXSaKQAzGOpuM+/A3uXRtPzJJqlScc+iA=="],

    "@atproto/xrpc": ["@atproto/xrpc@0.7.7", "", { "dependencies": { "@atproto/lexicon": "^0.6.0", "zod": "^3.23.8" } }, "sha512-K1ZyO/BU8JNtXX5dmPp7b5UrkLMMqpsIa/Lrj5D3Su+j1Xwq1m6QJ2XJ1AgjEjkI1v4Muzm7klianLE6XGxtmA=="],

    "await-lock": ["await-lock@2.2.2", "", {}, "sha512-aDczADvlvTGajTDjcjpJMqRkOF6Qdz3YbPZm/PyW6tKPkx2hlYBzxMhEywM/tU72HrVZjgl5VCdRuMlA7pZ8Gw=="],

    "iso-datestring-validator": ["iso-datestring-validator@2.2.2", "", {}, "sha512-yLEMkBbLZTlVQqOnQ4FiMujR6T4DEcCb1xizmvXS+OxuhwcbtynoosRzdMA69zZCShCNAbi+gJ71FxZBBXx1SA=="],

    "multiformats": ["multiformats@9.9.0", "", {}, "sha512-HoMUjhH9T8DDBNT+6xzkrd9ga/XiBI4xLr58LJACwK6G3HTOPeMz4nB4KJs33L2BelrIJa7P0VuNaVF3hMYfjg=="],

    "tlds": ["tlds@1.261.0", "", { "bin": { "tlds": "bin.js" } }, "sha512-QXqwfEl9ddlGBaRFXIvNKK6OhipSiLXuRuLJX5DErz0o0Q0rYxulWLdFryTkV5PkdZct5iMInwYEGe/eR++1AA=="],

    "tslib": ["tslib@2.8.1", "", {}, "sha512-oJFu94HQb+KVduSUQL7wnpmqnfmLsOA/nAh6b6EH0wCEoK0/mPeXU6c3wKDV83MkOuHPRHtSXKKU99IBazS/2w=="],

    "uint8arrays": ["uint8arrays@3.0.0", "", { "dependencies": { "multiformats": "^9.4.2" } }, "sha512-HRCx0q6O9Bfbp+HHSfQQKD7wU70+lydKVt4EghkdOvlK/NlrF90z+eXV34mUd48rNvVJXwkrMSPpCATkct8fJA=="],

    "unicode-segmenter": ["unicode-segmenter@0.14.5", "", {}, "sha512-jHGmj2LUuqDcX3hqY12Ql+uhUTn8huuxNZGq7GvtF6bSybzH3aFgedYu/KTzQStEgt1Ra2F3HxadNXsNjb3m3g=="],

    "zod": ["zod@3.25.76", "", {}, "sha512-gzUt/qt81nXsFGKIFcC3YnfEAx5NkunCfnDlvuBSSFS02bcXu4Lmea0AFIUwbLWxWPx3d9p8S5QoaujKcNQxcQ=="],

    "@atproto/common-web/@atproto/syntax": ["@atproto/syntax@0.5.1", "", { "dependencies": { "tslib": "^2.8.1" } }, "sha512-J8DJjgKgACIyCTbpfvoTnf7+ofTx1kxTGO7KAftkC+jczaMdQhKdgIBAg2DaYy+80cvYGTHy5q/HI9qMAwGbWw=="],

    "@atproto/xrpc/@atproto/lexicon": ["@atproto/lexicon@0.6.2", "", { "dependencies": { "@atproto/common-web": "^0.4.18", "@atproto/syntax": "^0.5.0", "iso-datestring-validator": "^2.2.2", "multiformats": "^9.9.0", "zod": "^3.23.8" } }, "sha512-p3Ly6hinVZW0ETuAXZMeUGwuMm3g8HvQMQ41yyEE6AL0hAkfeKFaZKos6BdBrr6CjkpbrDZqE8M+5+QOceysMw=="],

    "@atproto/xrpc/@atproto/lexicon/@atproto/syntax": ["@atproto/syntax@0.5.1", "", { "dependencies": { "tslib": "^2.8.1" } }, "sha512-J8DJjgKgACIyCTbpfvoTnf7+ofTx1kxTGO7KAftkC+jczaMdQhKdgIBAg2DaYy+80cvYGTHy5q/HI9qMAwGbWw=="],
  }
}
